<?xml version="1.0" encoding="utf-8"?>
<Project ToolsVersion="4.0" xmlns="http://schemas.microsoft.com/developer/msbuild/2003">
  <ItemGroup>
    <Filter Include="リソース ファイル">
      <UniqueIdentifier>{67DA6AB6-F800-4c08-8B7A-83BB121AAD01}</UniqueIdentifier>
      <Extensions>rc;ico;cur;bmp;dlg;rc2;rct;bin;rgs;gif;jpg;jpeg;jpe;resx;tiff;tif;png;wav;mfcribbon-ms</Extensions>
    </Filter>
    <Filter Include="ソースコード">
      <UniqueIdentifier>{814600dd-01d8-4602-b989-36328c0565e5}</UniqueIdentifier>
    </Filter>
    <Filter Include="ソースコード\BasicSettings">
      <UniqueIdentifier>{9db8814f-b748-4474-9c23-1a690127956e}</UniqueIdentifier>
    </Filter>
    <Filter Include="ソースコード\Objects">
      <UniqueIdentifier>{badab656-e728-41b5-9eb9-c038f8f8075a}</UniqueIdentifier>
    </Filter>
    <Filter Include="ソースコード\Objects\Mesh">
      <UniqueIdentifier>{987365ea-a828-4247-b6f8-9eb84cd2caa2}</UniqueIdentifier>
    </Filter>
    <Filter Include="ソースコード\Objects\TestObject">
      <UniqueIdentifier>{9bf0e665-e92d-4e8f-9da5-fa405932f1cd}</UniqueIdentifier>
    </Filter>
    <Filter Include="ソースコード\Objects\TestObject\Box">
      <UniqueIdentifier>{5ffed21c-3d86-4a60-90e3-0635fbdb05ac}</UniqueIdentifier>
    </Filter>
    <Filter Include="ソースコード\Tools">
      <UniqueIdentifier>{a5283a24-2553-4378-8c94-926d8546430e}</UniqueIdentifier>
    </Filter>
    <Filter Include="ソースコード\Tools\InputManager">
      <UniqueIdentifier>{c265212c-fd09-4340-a2f2-6896fa0f0c53}</UniqueIdentifier>
    </Filter>
    <Filter Include="ソースコード\Collider">
      <UniqueIdentifier>{bc7b1f87-d888-4967-917e-2f1e96359f80}</UniqueIdentifier>
    </Filter>
    <Filter Include="ソースコード\System">
      <UniqueIdentifier>{cc5265dd-2cbc-4b22-9a54-3e4e9127d002}</UniqueIdentifier>
    </Filter>
    <Filter Include="ソースコード\System\Collision">
      <UniqueIdentifier>{b589a47e-8778-4a5d-92a7-4dddde73dc20}</UniqueIdentifier>
    </Filter>
    <Filter Include="ソースコード\System\Main">
      <UniqueIdentifier>{b25b49fc-ee7a-4fc6-b955-104e3607bb96}</UniqueIdentifier>
    </Filter>
    <Filter Include="ソースコード\System\DirectX12">
      <UniqueIdentifier>{282f6986-98a1-4df9-9b9b-55af9df30c38}</UniqueIdentifier>
    </Filter>
  </ItemGroup>
  <ItemGroup>
    <ClInclude Include="Box.h">
      <Filter>ソースコード\Objects\TestObject\Box</Filter>
    </ClInclude>
    <ClInclude Include="BasicSettings.h">
      <Filter>ソースコード\BasicSettings</Filter>
    </ClInclude>
    <ClInclude Include="DX12Manager.h">
      <Filter>ソースコード\System\DirectX12</Filter>
    </ClInclude>
    <ClInclude Include="Mesh.h">
      <Filter>ソースコード\Objects\Mesh</Filter>
    </ClInclude>
    <ClInclude Include="InputManager.h">
      <Filter>ソースコード\Tools\InputManager</Filter>
    </ClInclude>
    <ClInclude Include="Collider.h">
      <Filter>ソースコード\Collider</Filter>
    </ClInclude>
    <ClInclude Include="Collider_Plane.h">
      <Filter>ソースコード\Collider</Filter>
    </ClInclude>
    <ClInclude Include="Collider_Ray.h">
      <Filter>ソースコード\Collider</Filter>
    </ClInclude>
    <ClInclude Include="Collision.h">
      <Filter>ソースコード\System\Collision</Filter>
    </ClInclude>
  </ItemGroup>
  <ItemGroup>
    <ClCompile Include="main.cpp">
      <Filter>ソースコード\System\Main</Filter>
    </ClCompile>
    <ClCompile Include="Box.cpp">
      <Filter>ソースコード\Objects\TestObject\Box</Filter>
    </ClCompile>
    <ClCompile Include="DX12Manager.cpp">
      <Filter>ソースコード\System\DirectX12</Filter>
    </ClCompile>
    <ClCompile Include="Mesh.cpp">
      <Filter>ソースコード\Objects\Mesh</Filter>
    </ClCompile>
    <ClCompile Include="InputManager.cpp">
      <Filter>ソースコード\Tools\InputManager</Filter>
    </ClCompile>
    <ClCompile Include="Collider.cpp">
      <Filter>ソースコード\Collider</Filter>
    </ClCompile>
    <ClCompile Include="Collider_Plane.cpp">
      <Filter>ソースコード\Collider</Filter>
    </ClCompile>
    <ClCompile Include="Collider_Ray.cpp">
      <Filter>ソースコード\Collider</Filter>
    </ClCompile>
    <ClCompile Include="Collision.cpp">
      <Filter>ソースコード\System\Collision</Filter>
    </ClCompile>
  </ItemGroup>
  <ItemGroup>
    <FxCompile Include="Triangle.hlsl">
      <Filter>ソースコード\Objects\TestObject\Box</Filter>
    </FxCompile>
  </ItemGroup>
</Project>