<?xml version="1.0" encoding="utf-8"?>
<Project ToolsVersion="4.0" xmlns="http://schemas.microsoft.com/developer/msbuild/2003">
  <ItemGroup>
    <Filter Include="リソース ファイル">
      <UniqueIdentifier>{67DA6AB6-F800-4c08-8B7A-83BB121AAD01}</UniqueIdentifier>
      <Extensions>rc;ico;cur;bmp;dlg;rc2;rct;bin;rgs;gif;jpg;jpeg;jpe;resx;tiff;tif;png;wav;mfcribbon-ms</Extensions>
    </Filter>
    <Filter Include="ソースコード">
      <UniqueIdentifier>{814600dd-01d8-4602-b989-36328c0565e5}</UniqueIdentifier>
    </Filter>
    <Filter Include="ソースコード\Main">
      <UniqueIdentifier>{b25b49fc-ee7a-4fc6-b955-104e3607bb96}</UniqueIdentifier>
    </Filter>
    <Filter Include="ソースコード\TestObject">
      <UniqueIdentifier>{9bf0e665-e92d-4e8f-9da5-fa405932f1cd}</UniqueIdentifier>
    </Filter>
    <Filter Include="ソースコード\BasicSettings">
      <UniqueIdentifier>{9db8814f-b748-4474-9c23-1a690127956e}</UniqueIdentifier>
    </Filter>
    <Filter Include="ソースコード\DirectX12">
      <UniqueIdentifier>{282f6986-98a1-4df9-9b9b-55af9df30c38}</UniqueIdentifier>
    </Filter>
    <Filter Include="ソースコード\TestObject\Box">
      <UniqueIdentifier>{5ffed21c-3d86-4a60-90e3-0635fbdb05ac}</UniqueIdentifier>
    </Filter>
    <Filter Include="ソースコード\Mesh">
      <UniqueIdentifier>{987365ea-a828-4247-b6f8-9eb84cd2caa2}</UniqueIdentifier>
    </Filter>
  </ItemGroup>
  <ItemGroup>
    <ClInclude Include="Box.h">
      <Filter>ソースコード\TestObject\Box</Filter>
    </ClInclude>
    <ClInclude Include="BasicSettings.h">
      <Filter>ソースコード\BasicSettings</Filter>
    </ClInclude>
    <ClInclude Include="DX12Manager.h">
      <Filter>ソースコード\DirectX12</Filter>
    </ClInclude>
    <ClInclude Include="Mesh.h" />
  </ItemGroup>
  <ItemGroup>
    <ClCompile Include="main.cpp">
      <Filter>ソースコード\Main</Filter>
    </ClCompile>
    <ClCompile Include="Box.cpp">
      <Filter>ソースコード\TestObject\Box</Filter>
    </ClCompile>
    <ClCompile Include="DX12Manager.cpp">
      <Filter>ソースコード\DirectX12</Filter>
    </ClCompile>
    <ClCompile Include="Mesh.cpp" />
  </ItemGroup>
  <ItemGroup>
    <FxCompile Include="Triangle.hlsl">
      <Filter>ソースコード\TestObject\Box</Filter>
    </FxCompile>
  </ItemGroup>
</Project>