<?xml version="1.0" encoding="utf-8"?>
<Project ToolsVersion="4.0" xmlns="http://schemas.microsoft.com/developer/msbuild/2003">
  <ItemGroup>
    <Filter Include="Assets">
      <UniqueIdentifier>{887b4fa1-e6a7-4f55-8ddb-02f9fe07e0f5}</UniqueIdentifier>
    </Filter>
    <Filter Include="Assets\Shader">
      <UniqueIdentifier>{44b342f9-ba68-4c6e-b6d7-c8976a6f4e56}</UniqueIdentifier>
    </Filter>
    <Filter Include="Source">
      <UniqueIdentifier>{ca581584-f94a-4109-97d4-c25c76ab38ca}</UniqueIdentifier>
    </Filter>
    <Filter Include="Source\Engine">
      <UniqueIdentifier>{0F3E36FA-9E10-44E3-B65A-5A60D0BA91EF}</UniqueIdentifier>
    </Filter>
        <Filter Include="Source\Game">
      <UniqueIdentifier>{3389B105-EB85-4C8B-A0AF-E491BEBC1A99}</UniqueIdentifier>
    </Filter>
    <Filter Include="Source\Game\Entities">
      <UniqueIdentifier>{7F633E5A-7323-4ECD-8251-E67A4377A28B}</UniqueIdentifier>
    </Filter>
    <Filter Include="Source\Game\Entities\Player">
      <UniqueIdentifier>{C532C293-53C8-47DA-8C7F-7F842037EAFE}</UniqueIdentifier>
    </Filter>
    <Filter Include="Source\Game\Entities\Enemy">
      <UniqueIdentifier>{FF6D2570-321C-4A3C-8272-671A60C4EA72}</UniqueIdentifier>
    </Filter>
    <Filter Include="Source\Game\Features">
      <UniqueIdentifier>{F3B5C181-33A0-4DAA-ACB2-12D3C0E48F8E}</UniqueIdentifier>
    </Filter>
    <Filter Include="Source\Game\Features\Status">
      <UniqueIdentifier>{D2D6197E-13BA-4025-BAC1-BFEE104FFD54}</UniqueIdentifier>
    </Filter>
    <Filter Include="Source\Components">
      <UniqueIdentifier>{e0782bb3-35e5-444a-b4dc-fa565dc20a8f}</UniqueIdentifier>
    </Filter>
    <Filter Include="Source\Core">
      <UniqueIdentifier>{376b7e79-9003-457d-be89-511325c1748f}</UniqueIdentifier>
    </Filter>
    <Filter Include="Source\External">
      <UniqueIdentifier>{9119ad20-d092-44c0-b1de-4b80aa013427}</UniqueIdentifier>
    </Filter>
    <Filter Include="Source\Objects">
      <UniqueIdentifier>{3f027792-314c-4326-97b2-a1f89d0f0099}</UniqueIdentifier>
    </Filter>
    <Filter Include="Source\Rendering">
      <UniqueIdentifier>{8459229d-f10b-4a07-9de3-8d609b160cc4}</UniqueIdentifier>
    </Filter>
    <Filter Include="Source\Resources">
      <UniqueIdentifier>{1a7e8737-6c88-4617-aa92-e154aa3cd6c0}</UniqueIdentifier>
    </Filter>
    <Filter Include="Source\Editor">
      <UniqueIdentifier>{60334A41-5FD0-4DE1-9EE8-E4C40F53B580}</UniqueIdentifier>
    </Filter>
    <Filter Include="Source\UI">
      <UniqueIdentifier>{af6bbe27-8e7b-4434-9215-b0b50f9994e6}</UniqueIdentifier>
    </Filter>
    <Filter Include="Source\Util">
      <UniqueIdentifier>{14aadf79-50ce-49ef-97c9-ae883495c19f}</UniqueIdentifier>
    </Filter>
    <Filter Include="Source\Core\Scenes">
      <UniqueIdentifier>{ad984559-2ea9-4fbf-b5be-f8f3261c46fc}</UniqueIdentifier>
    </Filter>
    <Filter Include="Source\Core\Scenes\Settings">
      <UniqueIdentifier>{c963e874-3c2f-4060-8b29-d97780305b5c}</UniqueIdentifier>
    </Filter>
    <Filter Include="Source\Core\Scenes\Base">
      <UniqueIdentifier>{46400307-b877-451c-8431-f798697b991e}</UniqueIdentifier>
    </Filter>
    <Filter Include="Source\Core\Scenes\Manager">
      <UniqueIdentifier>{51fd999b-bcf9-497e-bab5-0240981d61f5}</UniqueIdentifier>
    </Filter>
    <Filter Include="Source\Core\Scenes\Instances">
      <UniqueIdentifier>{000e584d-7cea-4a1f-8f96-3d5cd12cce81}</UniqueIdentifier>
    </Filter>
    <Filter Include="Source\Util\Logic">
      <UniqueIdentifier>{cdae6aaf-3c23-4263-ab7d-f2651a450747}</UniqueIdentifier>
    </Filter>
    <Filter Include="Source\Util\Logic\StateMachine">
      <UniqueIdentifier>{17238fc0-93c4-4b7e-8c54-785500c4abc8}</UniqueIdentifier>
    </Filter>
    <Filter Include="Source\Engine\Component">
      <UniqueIdentifier>{AAA34694-DD47-4F0C-8686-92207CF58B02}</UniqueIdentifier>
    </Filter>
  </ItemGroup>
  <ItemGroup>
    <ClCompile Include="Source\Util\audio.cpp">
      <Filter>Source\Util</Filter>
    </ClCompile>
    <ClCompile Include="Source\Objects\Camera.cpp">
      <Filter>Source\Objects</Filter>
    </ClCompile>
    <ClCompile Include="Source\Objects\ButtonEventManager.cpp">
      <Filter>Source\Objects</Filter>
    </ClCompile>
    <ClCompile Include="Source\UI\CUIButton.cpp">
      <Filter>Source\UI</Filter>
    </ClCompile>
    <ClCompile Include="Source\Util\D2DTextRenderer.cpp">
      <Filter>Source\Util</Filter>
    </ClCompile>
    <ClCompile Include="Source\Objects\EnemyCount.cpp">
      <Filter>Source\Objects</Filter>
    </ClCompile>
    <ClCompile Include="Source\Objects\EnemyCounter.cpp">
      <Filter>Source\Objects</Filter>
    </ClCompile>
    <ClCompile Include="Source\Objects\EventManager.cpp">
      <Filter>Source\Objects</Filter>
    </ClCompile>
    <ClCompile Include="Source\Objects\Event.cpp">
      <Filter>Source\Objects</Filter>
    </ClCompile>
    <ClCompile Include="Source\Objects\EventData.cpp">
      <Filter>Source\Objects</Filter>
    </ClCompile>
    <ClCompile Include="Source\Objects\EventData_NextScene.cpp">
      <Filter>Source\Objects</Filter>
    </ClCompile>
    <ClCompile Include="Source\Rendering\ForwardRenderPass.cpp">
      <Filter>Source\Rendering</Filter>
    </ClCompile>
    <ClCompile Include="Source\Core\Manager.cpp">
      <Filter>Source\Core</Filter>
    </ClCompile>
    <ClCompile Include="Source\Objects\ObjectManager_Getter_Setter.cpp">
      <Filter>Source\Objects</Filter>
    </ClCompile>
    <ClCompile Include="Source\Objects\ObjectManager_Instantiate.cpp">
      <Filter>Source\Objects</Filter>
    </ClCompile>
    <ClCompile Include="Source\Rendering\PostProcessPass.cpp">
      <Filter>Source\Rendering</Filter>
    </ClCompile>
    <ClCompile Include="Source\Rendering\RenderPipeline.cpp">
      <Filter>Source\Rendering</Filter>
    </ClCompile>
    <ClCompile Include="Source\Rendering\RenderTexture.cpp">
      <Filter>Source\Rendering</Filter>
    </ClCompile>
    <ClCompile Include="Source\Objects\Skydome.cpp">
      <Filter>Source\Objects</Filter>
    </ClCompile>
    <ClCompile Include="Source\Objects\Field.cpp">
      <Filter>Source\Objects</Filter>
    </ClCompile>
    <ClCompile Include="Source\UI\TextObject.cpp">
      <Filter>Source\UI</Filter>
    </ClCompile>
    <ClCompile Include="Source\UI\TextRenderer.cpp">
      <Filter>Source\UI</Filter>
    </ClCompile>
    <ClCompile Include="Source\Objects\BillBoard.cpp">
      <Filter>Source\Objects</Filter>
    </ClCompile>
    <ClCompile Include="Source\Resources\Bone.cpp">
      <Filter>Source\Resources</Filter>
    </ClCompile>
    <ClCompile Include="Source\Engine\Component\BoxCollider3D.cpp">
      <Filter>Source\Engine\Component</Filter>
    </ClCompile>
    <ClCompile Include="Source\Engine\Component\GravityComponent.cpp">
      <Filter>Source\Engine\Component</Filter>
    </ClCompile>
    <ClCompile Include="Source\Game\Features\Status\HealthComponent.cpp">
      <Filter>Source\Game\Features\Status</Filter>
    </ClCompile>
    <ClCompile Include="Source\Engine\Component\CharacterMovementComponent.cpp">
      <Filter>Source\Engine\Component</Filter>
    </ClCompile>
    <ClCompile Include="Source\Game\Entities\Player\PlayerControllerComponent.cpp">
      <Filter>Source\Game\Entities\Player</Filter>
    </ClCompile>
    <ClCompile Include="Source\Game\Entities\Enemy\EnemyAIComponent.cpp">
      <Filter>Source\Game\Entities\Enemy</Filter>
    </ClCompile>
    <ClCompile Include="Source\Core\PrefabManager.cpp">
      <Filter>Source\Core</Filter>
    </ClCompile>
    <ClCompile Include="Source\Objects\Bullet.cpp">
      <Filter>Source\Objects</Filter>
    </ClCompile>
    <ClCompile Include="Source\Engine\Component\Collider.cpp">
      <Filter>Source\Engine\Component</Filter>
    </ClCompile>
    <ClCompile Include="Source\Engine\Component\Collider3D.cpp">
      <Filter>Source\Engine\Component</Filter>
    </ClCompile>
    <ClCompile Include="Source\Engine\Component\Collision.cpp">
      <Filter>Source\Engine\Component</Filter>
    </ClCompile>
    <ClCompile Include="Source\Rendering\DescriptorHeapAllocator.cpp">
      <Filter>Source\Rendering</Filter>
    </ClCompile>
    <ClCompile Include="Source\Objects\Enemy\EnemyState.cpp">
      <Filter>ソース ファイル</Filter>
    </ClCompile>
    <ClCompile Include="Source\Objects\Enemy\Enemy.cpp">
      <Filter>Source\Objects</Filter>
    </ClCompile>
    <ClCompile Include="Source\Objects\Explosion.cpp">
      <Filter>Source\Objects</Filter>
    </ClCompile>
    <ClCompile Include="Source\Resources\gltfLoader.cpp">
      <Filter>Source\Resources</Filter>
    </ClCompile>
    <ClCompile Include="Source\External\imgui.cpp">
      <Filter>Source\External</Filter>
    </ClCompile>
    <ClCompile Include="Source\External\imgui_demo.cpp">
      <Filter>Source\External</Filter>
    </ClCompile>
    <ClCompile Include="Source\External\imgui_draw.cpp">
      <Filter>Source\External</Filter>
    </ClCompile>
    <ClCompile Include="Source\External\imgui_impl_dx12.cpp">
      <Filter>Source\External</Filter>
    </ClCompile>
    <ClCompile Include="Source\External\imgui_impl_win32.cpp">
      <Filter>Source\External</Filter>
    </ClCompile>
    <ClCompile Include="Source\External\imgui_tables.cpp">
      <Filter>Source\External</Filter>
    </ClCompile>
    <ClCompile Include="Source\External\imgui_widgets.cpp">
      <Filter>Source\External</Filter>
    </ClCompile>
    <ClCompile Include="Source\Resources\Material.cpp">
      <Filter>Source\Resources</Filter>
    </ClCompile>
    <ClCompile Include="Source\Resources\Model.cpp">
      <Filter>Source\Resources</Filter>
    </ClCompile>
    <ClCompile Include="Source\Resources\ModelManager.cpp">
      <Filter>Source\Resources</Filter>
    </ClCompile>
    <ClCompile Include="Source\Objects\ObjectInfo.cpp">
      <Filter>Source\Objects</Filter>
    </ClCompile>
    <ClCompile Include="Source\Objects\Box.cpp">
      <Filter>Source\Objects</Filter>
    </ClCompile>
    <ClCompile Include="Source\Objects\3D_Object.cpp">
      <Filter>Source\Objects</Filter>
    </ClCompile>
    <ClCompile Include="Source\Engine\Component\Component.cpp">
      <Filter>Source\Engine\Component</Filter>
    </ClCompile>
    <ClCompile Include="Source\Core\DX12Manager.cpp">
      <Filter>Source\Core</Filter>
    </ClCompile>
    <ClCompile Include="Source\Core\InputManager.cpp">
      <Filter>Source\Core</Filter>
    </ClCompile>
    <ClCompile Include="Source\Core\main.cpp">
      <Filter>Source\Core</Filter>
    </ClCompile>
    <ClCompile Include="Source\Rendering\PSOBuilder.cpp">
      <Filter>Source\Rendering</Filter>
    </ClCompile>
    <ClCompile Include="Source\Resources\Mesh.cpp">
      <Filter>Source\Resources</Filter>
    </ClCompile>
    <ClCompile Include="Source\Objects\Object.cpp">
      <Filter>Source\Objects</Filter>
    </ClCompile>
    <ClCompile Include="Source\Objects\ObjectManager.cpp">
      <Filter>Source\Objects</Filter>
    </ClCompile>
    <ClCompile Include="Source\Objects\Player\PlayerState.cpp">
      <Filter>ソース ファイル</Filter>
    </ClCompile>
    <ClCompile Include="Source\Objects\Player\Player.cpp">
      <Filter>Source\Objects</Filter>
    </ClCompile>
    <ClCompile Include="Source\Rendering\PSOManager.cpp">
      <Filter>Source\Rendering</Filter>
    </ClCompile>
    <ClCompile Include="Source\Objects\RandomParticle.cpp">
      <Filter>Source\Objects</Filter>
    </ClCompile>
    <ClCompile Include="Source\Rendering\Shader.cpp">
      <Filter>Source\Rendering</Filter>
    </ClCompile>
    <ClCompile Include="Source\Rendering\ShaderManager.cpp">
      <Filter>Source\Rendering</Filter>
    </ClCompile>
    <ClCompile Include="Source\Resources\Texture.cpp">
      <Filter>Source\Resources</Filter>
    </ClCompile>
    <ClCompile Include="Source\Rendering\TextureManager.cpp">
      <Filter>Source\Rendering</Filter>
    </ClCompile>
    <ClCompile Include="Source\UI\SpriteRenderer.cpp">
      <Filter>Source\UI</Filter>
    </ClCompile>
    <ClCompile Include="Source\UI\UIObject.cpp">
      <Filter>Source\UI</Filter>
    </ClCompile>
    <ClCompile Include="Source\Engine\Component\Transform.cpp">
      <Filter>Source\Engine\Component</Filter>
    </ClCompile>
    <ClCompile Include="Source\UI\TitleUI.cpp">
      <Filter>Source\UI</Filter>
    </ClCompile>
    <ClCompile Include="Source\Core\Scenes\Instances\SceneClear.cpp">
      <Filter>Source\Core\Scenes\Instances</Filter>
    </ClCompile>
    <ClCompile Include="Source\Core\Scenes\Instances\SceneFailed.cpp">
      <Filter>Source\Core\Scenes\Instances</Filter>
    </ClCompile>
    <ClCompile Include="Source\Core\Scenes\Base\Scene.cpp">
      <Filter>Source\Core\Scenes\Base</Filter>
    </ClCompile>
    <ClCompile Include="Source\Core\Scenes\Manager\SceneManager.cpp">
      <Filter>Source\Core\Scenes\Manager</Filter>
    </ClCompile>
    <ClCompile Include="Source\Core\Scenes\Instances\SceneTitle.cpp">
      <Filter>Source\Core\Scenes\Instances</Filter>
    </ClCompile>
    <ClCompile Include="Source\Core\Scenes\Instances\SceneTest.cpp">
      <Filter>Source\Core\Scenes\Instances</Filter>
    </ClCompile>
    <ClCompile Include="Source\Editor\ContentDrawerUI.cpp">
      <Filter>Source\Editor</Filter>
    </ClCompile>
    <ClCompile Include="Source\Editor\EditorRaycast.cpp">
      <Filter>Source\Editor</Filter>
    </ClCompile>
    <ClCompile Include="Source\Editor\EditorToolbarUI.cpp">
      <Filter>Source\Editor</Filter>
    </ClCompile>
    <ClCompile Include="Source\Editor\HierarchyUI.cpp">
      <Filter>Source\Editor</Filter>
    </ClCompile>
    <ClCompile Include="Source\Editor\ImGuiManager.cpp">
      <Filter>Source\Editor</Filter>
    </ClCompile>
    <ClCompile Include="Source\Editor\InspectorUI.cpp">
      <Filter>Source\Editor</Filter>
    </ClCompile>
    <ClCompile Include="Source\Editor\UndoManager.cpp">
      <Filter>Source\Editor</Filter>
    </ClCompile>
    <ClCompile Include="Source\Core\Scenes\Instances\SceneFade.cpp" />
    <ClCompile Include="Source\Objects\Enemy\EnemyState.cpp" />
    <ClCompile Include="Source\Core\TimeManager.cpp" />
    <ClCompile Include="Source\Objects\Player\PlayerState.cpp" />
    <ClCompile Include="Source\Core\PrefabSerializer.cpp" />
    <ClCompile Include="Source\Core\Scenes\Serializer\SceneSerializer.cpp" />
  </ItemGroup>
  <ItemGroup>
    <ClInclude Include="Source\Util\audio.h">
      <Filter>Source\Util</Filter>
    </ClInclude>
    <ClInclude Include="Source\Objects\Camera.h">
      <Filter>Source\Objects</Filter>
    </ClInclude>
    <ClInclude Include="Source\Objects\ButtonEventManager.h">
      <Filter>Source\Objects</Filter>
    </ClInclude>
    <ClInclude Include="Source\UI\CUIButton.h">
      <Filter>Source\UI</Filter>
    </ClInclude>
    <ClInclude Include="Source\Util\D2DTextRenderer.h">
      <Filter>Source\Util</Filter>
    </ClInclude>
    <ClInclude Include="Source\Objects\EnemyCount.h">
      <Filter>Source\Objects</Filter>
    </ClInclude>
    <ClInclude Include="Source\Objects\EnemyCounter.h">
      <Filter>Source\Objects</Filter>
    </ClInclude>
    <ClInclude Include="Source\Objects\EventManager.h">
      <Filter>Source\Objects</Filter>
    </ClInclude>
    <ClInclude Include="Source\Objects\Event.h">
      <Filter>Source\Objects</Filter>
    </ClInclude>
    <ClInclude Include="Source\Objects\EventData.h">
      <Filter>Source\Objects</Filter>
    </ClInclude>
    <ClInclude Include="Source\Objects\EventData_NextScene.h">
      <Filter>Source\Objects</Filter>
    </ClInclude>
    <ClInclude Include="Source\Core\EventEnums.h">
      <Filter>Source\Core</Filter>
    </ClInclude>
    <ClInclude Include="Source\Rendering\ForwardRenderPass.h">
      <Filter>Source\Rendering</Filter>
    </ClInclude>
    <ClInclude Include="Source\Rendering\IRenderPass.h">
      <Filter>Source\Rendering</Filter>
    </ClInclude>
    <ClInclude Include="Source\UI\ISelectable.h">
      <Filter>Source\UI</Filter>
    </ClInclude>
    <ClInclude Include="Source\Core\Manager.h">
      <Filter>Source\Core</Filter>
    </ClInclude>
    <ClInclude Include="Source\Rendering\PostProcessPass.h">
      <Filter>Source\Rendering</Filter>
    </ClInclude>
    <ClInclude Include="Source\Rendering\RenderContext.h">
      <Filter>Source\Rendering</Filter>
    </ClInclude>
    <ClInclude Include="Source\Rendering\RenderPipeline.h">
      <Filter>Source\Rendering</Filter>
    </ClInclude>
    <ClInclude Include="Source\Rendering\RenderTexture.h">
      <Filter>Source\Rendering</Filter>
    </ClInclude>
    <ClInclude Include="resource.h" />
    <ClInclude Include="Source\Objects\Skydome.h">
      <Filter>Source\Objects</Filter>
    </ClInclude>
    <ClInclude Include="Source\Objects\Field.h">
      <Filter>Source\Objects</Filter>
    </ClInclude>
    <ClInclude Include="Source\UI\TextObject.h">
      <Filter>Source\UI</Filter>
    </ClInclude>
    <ClInclude Include="Source\UI\TextRenderer.h">
      <Filter>Source\UI</Filter>
    </ClInclude>
    <ClInclude Include="Source\Objects\BillBoard.h">
      <Filter>Source\Objects</Filter>
    </ClInclude>
    <ClInclude Include="Source\Resources\Bone.h">
      <Filter>Source\Resources</Filter>
    </ClInclude>
    <ClInclude Include="Source\Engine\Component\BoxCollider3D.h">
      <Filter>Source\Engine\Component</Filter>
    </ClInclude>
    <ClInclude Include="Source\Engine\Component\GravityComponent.h">
      <Filter>Source\Engine\Component</Filter>
    </ClInclude>
    <ClInclude Include="Source\Game\Features\Status\HealthComponent.h">
      <Filter>Source\Game\Features\Status</Filter>
    </ClInclude>
    <ClInclude Include="Source\Engine\Component\CharacterMovementComponent.h">
      <Filter>Source\Engine\Component</Filter>
    </ClInclude>
    <ClInclude Include="Source\Game\Entities\Player\PlayerControllerComponent.h">
      <Filter>Source\Game\Entities\Player</Filter>
    </ClInclude>
    <ClInclude Include="Source\Game\Entities\Enemy\EnemyAIComponent.h">
      <Filter>Source\Game\Entities\Enemy</Filter>
    </ClInclude>
    <ClInclude Include="Source\Core\PrefabManager.h">
      <Filter>Source\Core</Filter>
    </ClInclude>
    <ClInclude Include="Source\Core\CollisionLayers.h">
      <Filter>Source\Core</Filter>
    </ClInclude>
    <ClInclude Include="Source\Rendering\RenderLayer.h">
      <Filter>Source\Rendering</Filter>
    </ClInclude>
    <ClInclude Include="Source\Objects\Bullet.h">
      <Filter>Source\Objects</Filter>
    </ClInclude>
    <ClInclude Include="Source\Engine\Component\Collider.h">
      <Filter>Source\Engine\Component</Filter>
    </ClInclude>
    <ClInclude Include="Source\Engine\Component\Collider3D.h">
      <Filter>Source\Engine\Component</Filter>
    </ClInclude>
    <ClInclude Include="Source\Engine\Component\Collision.h">
      <Filter>Source\Engine\Component</Filter>
    </ClInclude>
    <ClInclude Include="Source\Util\ContainerAlias.h">
      <Filter>Source\Util</Filter>
    </ClInclude>
    <ClInclude Include="Source\Rendering\DescriptorHeapAllocator.h">
      <Filter>Source\Rendering</Filter>
    </ClInclude>
    <ClInclude Include="Source\Util\DirectXPtrAlias.h">
      <Filter>Source\Util</Filter>
    </ClInclude>
    <ClInclude Include="Source\Objects\Enemy\EnemyState.h">
      <Filter>ヘッダー ファイル</Filter>
    </ClInclude>
    <ClInclude Include="Source\Objects\Enemy\Enemy.h">
      <Filter>Source\Objects</Filter>
    </ClInclude>
    <ClInclude Include="Source\Objects\Explosion.h">
      <Filter>Source\Objects</Filter>
    </ClInclude>
    <ClInclude Include="Source\Resources\gltfLoader.h">
      <Filter>Source\Resources</Filter>
    </ClInclude>
    <ClInclude Include="Source\External\imconfig.h">
      <Filter>Source\External</Filter>
    </ClInclude>
    <ClInclude Include="Source\External\imgui.h">
      <Filter>Source\External</Filter>
    </ClInclude>
    <ClInclude Include="Source\External\imgui_impl_dx12.h">
      <Filter>Source\External</Filter>
    </ClInclude>
    <ClInclude Include="Source\External\imgui_impl_win32.h">
      <Filter>Source\External</Filter>
    </ClInclude>
    <ClInclude Include="Source\External\imgui_internal.h">
      <Filter>Source\External</Filter>
    </ClInclude>
    <ClInclude Include="Source\External\imstb_rectpack.h">
      <Filter>Source\External</Filter>
    </ClInclude>
    <ClInclude Include="Source\External\imstb_textedit.h">
      <Filter>Source\External</Filter>
    </ClInclude>
    <ClInclude Include="Source\External\imstb_truetype.h">
      <Filter>Source\External</Filter>
    </ClInclude>
    <ClInclude Include="Source\External\json.hpp">
      <Filter>Source\External</Filter>
    </ClInclude>
    <ClInclude Include="Source\Resources\Material.h">
      <Filter>Source\Resources</Filter>
    </ClInclude>
    <ClInclude Include="Source\Resources\Model.h">
      <Filter>Source\Resources</Filter>
    </ClInclude>
    <ClInclude Include="Source\Resources\ModelManager.h">
      <Filter>Source\Resources</Filter>
    </ClInclude>
    <ClInclude Include="Source\Resources\ModelData.h">
      <Filter>Source\Resources</Filter>
    </ClInclude>
    <ClInclude Include="Source\Objects\ObjectInfo.h">
      <Filter>Source\Objects</Filter>
    </ClInclude>
    <ClInclude Include="Source\Util\BasicSettings.h">
      <Filter>Source\Util</Filter>
    </ClInclude>
    <ClInclude Include="Source\Objects\Box.h">
      <Filter>Source\Objects</Filter>
    </ClInclude>
    <ClInclude Include="Source\Objects\3D_Object.h">
      <Filter>Source\Objects</Filter>
    </ClInclude>
    <ClInclude Include="Source\Engine\Component\Component.h">
      <Filter>Source\Engine\Component</Filter>
    </ClInclude>
    <ClInclude Include="Source\Core\DX12Manager.h">
      <Filter>Source\Core</Filter>
    </ClInclude>
    <ClInclude Include="Source\Rendering\PSOBuilder.h">
      <Filter>Source\Rendering</Filter>
    </ClInclude>
    <ClInclude Include="Source\Core\InputManager.h">
      <Filter>Source\Core</Filter>
    </ClInclude>
    <ClInclude Include="Source\Resources\Mesh.h">
      <Filter>Source\Resources</Filter>
    </ClInclude>
    <ClInclude Include="Source\Objects\Object.h">
      <Filter>Source\Objects</Filter>
    </ClInclude>
    <ClInclude Include="Source\Objects\ObjectManager.h">
      <Filter>Source\Objects</Filter>
    </ClInclude>
    <ClInclude Include="Source\Core\ObjectTag.h">
      <Filter>Source\Core</Filter>
    </ClInclude>
    <ClInclude Include="Source\Objects\Player\PlayerState.h">
      <Filter>ヘッダー ファイル</Filter>
    </ClInclude>
    <ClInclude Include="Source\Objects\Player\Player.h">
      <Filter>Source\Objects</Filter>
    </ClInclude>
    <ClInclude Include="Source\Rendering\PSOManager.h">
      <Filter>Source\Rendering</Filter>
    </ClInclude>
    <ClInclude Include="Source\Objects\RandomParticle.h">
      <Filter>Source\Objects</Filter>
    </ClInclude>
    <ClInclude Include="Source\Rendering\Shader.h">
      <Filter>Source\Rendering</Filter>
    </ClInclude>
    <ClInclude Include="Source\Rendering\ShaderManager.h">
      <Filter>Source\Rendering</Filter>
    </ClInclude>
    <ClInclude Include="Source\Util\SmartPtrAlias.h">
      <Filter>Source\Util</Filter>
    </ClInclude>
    <ClInclude Include="Source\External\stb_image.h">
      <Filter>Source\External</Filter>
    </ClInclude>
    <ClInclude Include="Source\External\stb_image_write.h">
      <Filter>Source\External</Filter>
    </ClInclude>
    <ClInclude Include="Source\Util\StringAlias.h">
      <Filter>Source\Util</Filter>
    </ClInclude>
    <ClInclude Include="Source\Resources\Texture.h">
      <Filter>Source\Resources</Filter>
    </ClInclude>
    <ClInclude Include="Source\Rendering\TextureManager.h">
      <Filter>Source\Rendering</Filter>
    </ClInclude>
    <ClInclude Include="Source\External\tinygltf_json.h">
      <Filter>Source\External</Filter>
    </ClInclude>
    <ClInclude Include="Source\External\tiny_gltf.h">
      <Filter>Source\External</Filter>
    </ClInclude>
    <ClInclude Include="Source\UI\SpriteRenderer.h">
      <Filter>Source\UI</Filter>
    </ClInclude>
    <ClInclude Include="Source\UI\UIObject.h">
      <Filter>Source\UI</Filter>
    </ClInclude>
    <ClInclude Include="Source\Engine\Component\Transform.h">
      <Filter>Source\Engine\Component</Filter>
    </ClInclude>
    <ClInclude Include="Source\UI\TitleUI.h">
      <Filter>Source\UI</Filter>
    </ClInclude>
    <ClInclude Include="Source\Core\SceneEnums.h">
      <Filter>Source\Core\Scenes\Settings</Filter>
    </ClInclude>
    <ClInclude Include="Source\Core\Scenes\Instances\SceneClear.h">
      <Filter>Source\Core\Scenes\Instances</Filter>
    </ClInclude>
    <ClInclude Include="Source\Core\Scenes\Instances\SceneFailed.h">
      <Filter>Source\Core\Scenes\Instances</Filter>
    </ClInclude>
    <ClInclude Include="Source\Core\Scenes\Base\Scene.h">
      <Filter>Source\Core\Scenes\Base</Filter>
    </ClInclude>
    <ClInclude Include="Source\Core\Scenes\Manager\SceneManager.h">
      <Filter>Source\Core\Scenes\Manager</Filter>
    </ClInclude>
    <ClInclude Include="Source\Core\Scenes\Instances\SceneTest.h">
      <Filter>Source\Core\Scenes\Instances</Filter>
    </ClInclude>
    <ClInclude Include="Source\Core\Scenes\Instances\SceneTitle.h">
      <Filter>Source\Core\Scenes\Instances</Filter>
    </ClInclude>
    <ClInclude Include="Source\Util\Logic\StateMachine\StateBase.h">
      <Filter>Source\Util\Logic\StateMachine</Filter>
    </ClInclude>
    <ClInclude Include="Source\Util\Logic\StateMachine\StateMachine.h">
      <Filter>Source\Util\Logic\StateMachine</Filter>
    </ClInclude>
    <ClInclude Include="Source\Editor\ContentDrawerUI.h">
      <Filter>Source\Editor</Filter>
    </ClInclude>
    <ClInclude Include="Source\Editor\EditorRaycast.h">
      <Filter>Source\Editor</Filter>
    </ClInclude>
    <ClInclude Include="Source\Editor\EditorToolbarUI.h">
      <Filter>Source\Editor</Filter>
    </ClInclude>
    <ClInclude Include="Source\Editor\HierarchyUI.h">
      <Filter>Source\Editor</Filter>
    </ClInclude>
    <ClInclude Include="Source\Editor\ImGuiManager.h">
      <Filter>Source\Editor</Filter>
    </ClInclude>
    <ClInclude Include="Source\Editor\InspectorUI.h">
      <Filter>Source\Editor</Filter>
    </ClInclude>
    <ClInclude Include="Source\Editor\UndoManager.h">
      <Filter>Source\Editor</Filter>
    </ClInclude>
    <ClInclude Include="Source\Core\Scenes\Instances\SceneFade.h" />
    <ClInclude Include="Source\Objects\Enemy\EnemyState.h" />
    <ClInclude Include="Source\Core\TimeManager.h" />
    <ClInclude Include="Source\Objects\Player\PlayerState.h" />
    <ClInclude Include="Source\Core\PrefabSerializer.h" />
    <ClInclude Include="Source\Core\Scenes\Serializer\SceneSerializer.h" />
  </ItemGroup>
  <ItemGroup>
    <FxCompile Include="Assets\Shader\PostProcess.hlsl">
      <Filter>Assets\Shader</Filter>
    </FxCompile>
    <FxCompile Include="Assets\Shader\Sprite.hlsl">
      <Filter>Assets\Shader</Filter>
    </FxCompile>
    <FxCompile Include="Assets\Shader\Triangle.hlsl">
      <Filter>Assets\Shader</Filter>
    </FxCompile>
    <FxCompile Include="Assets\Shader\Wireframe.hlsl">
      <Filter>Assets\Shader</Filter>
    </FxCompile>
  </ItemGroup>
  <ItemGroup>
    <ResourceCompile Include="DirectX12_BoxDraw_Refactoring.rc" />
  </ItemGroup>
</Project>